// !$*UTF8*$!
{
	archiveVersion = 1;
	classes = {
	};
	objectVersion = 60;
	objects = {

/* Begin PBXBuildFile section */
		2117E0EF2C65A4B40095975C /* FitnessBuddyApp.swift in Sources */ = {isa = PBXBuildFile; fileRef = 2117E0EE2C65A4B40095975C /* FitnessBuddyApp.swift */; };
		2117E0F12C65A4B40095975C /* ContentView.swift in Sources */ = {isa = PBXBuildFile; fileRef = 2117E0F02C65A4B40095975C /* ContentView.swift */; };
		2117E0F32C65A4B60095975C /* Assets.xcassets in Resources */ = {isa = PBXBuildFile; fileRef = 2117E0F22C65A4B60095975C /* Assets.xcassets */; };
		2117E0F62C65A4B60095975C /* Preview Assets.xcassets in Resources */ = {isa = PBXBuildFile; fileRef = 2117E0F52C65A4B60095975C /* Preview Assets.xcassets */; };
		2117E1002C65A4B60095975C /* FitnessBuddyTests.swift in Sources */ = {isa = PBXBuildFile; fileRef = 2117E0FF2C65A4B60095975C /* FitnessBuddyTests.swift */; };
		2117E10A2C65A4B60095975C /* FitnessBuddyUITests.swift in Sources */ = {isa = PBXBuildFile; fileRef = 2117E1092C65A4B60095975C /* FitnessBuddyUITests.swift */; };
		2117E10C2C65A4B60095975C /* FitnessBuddyUITestsLaunchTests.swift in Sources */ = {isa = PBXBuildFile; fileRef = 2117E10B2C65A4B60095975C /* FitnessBuddyUITestsLaunchTests.swift */; };
		2117E1192C65A4E00095975C /* UserInputView.swift in Sources */ = {isa = PBXBuildFile; fileRef = 2117E1182C65A4E00095975C /* UserInputView.swift */; };
/* End PBXBuildFile section */

/* Begin PBXContainerItemProxy section */
		2117E0FC2C65A4B60095975C /* PBXContainerItemProxy */ = {
			isa = PBXContainerItemProxy;
			containerPortal = 2117E0E32C65A4B40095975C /* Project object */;
			proxyType = 1;
			remoteGlobalIDString = 2117E0EA2C65A4B40095975C;
			remoteInfo = FitnessBuddy;
		};
		2117E1062C65A4B60095975C /* PBXContainerItemProxy */ = {
			isa = PBXContainerItemProxy;
			containerPortal = 2117E0E32C65A4B40095975C /* Project object */;
			proxyType = 1;
			remoteGlobalIDString = 2117E0EA2C65A4B40095975C;
			remoteInfo = FitnessBuddy;
		};
/* End PBXContainerItemProxy section */

/* Begin PBXFileReference section */
		2117E0EB2C65A4B40095975C /* FitnessBuddy.app */ = {isa = PBXFileReference; explicitFileType = wrapper.application; includeInIndex = 0; path = FitnessBuddy.app; sourceTree = BUILT_PRODUCTS_DIR; };
		2117E0EE2C65A4B40095975C /* FitnessBuddyApp.swift */ = {isa = PBXFileReference; lastKnownFileType = sourcecode.swift; path = FitnessBuddyApp.swift; sourceTree = "<group>"; };
		2117E0F02C65A4B40095975C /* ContentView.swift */ = {isa = PBXFileReference; lastKnownFileType = sourcecode.swift; path = ContentView.swift; sourceTree = "<group>"; };
		2117E0F22C65A4B60095975C /* Assets.xcassets */ = {isa = PBXFileReference; lastKnownFileType = folder.assetcatalog; path = Assets.xcassets; sourceTree = "<group>"; };
		2117E0F52C65A4B60095975C /* Preview Assets.xcassets */ = {isa = PBXFileReference; lastKnownFileType = folder.assetcatalog; path = "Preview Assets.xcassets"; sourceTree = "<group>"; };
		2117E0FB2C65A4B60095975C /* FitnessBuddyTests.xctest */ = {isa = PBXFileReference; explicitFileType = wrapper.cfbundle; includeInIndex = 0; path = FitnessBuddyTests.xctest; sourceTree = BUILT_PRODUCTS_DIR; };
		2117E0FF2C65A4B60095975C /* FitnessBuddyTests.swift */ = {isa = PBXFileReference; lastKnownFileType = sourcecode.swift; path = FitnessBuddyTests.swift; sourceTree = "<group>"; };
		2117E1052C65A4B60095975C /* FitnessBuddyUITests.xctest */ = {isa = PBXFileReference; explicitFileType = wrapper.cfbundle; includeInIndex = 0; path = FitnessBuddyUITests.xctest; sourceTree = BUILT_PRODUCTS_DIR; };
		2117E1092C65A4B60095975C /* FitnessBuddyUITests.swift */ = {isa = PBXFileReference; lastKnownFileType = sourcecode.swift; path = FitnessBuddyUITests.swift; sourceTree = "<group>"; };
		2117E10B2C65A4B60095975C /* FitnessBuddyUITestsLaunchTests.swift */ = {isa = PBXFileReference; lastKnownFileType = sourcecode.swift; path = FitnessBuddyUITestsLaunchTests.swift; sourceTree = "<group>"; };
		2117E1182C65A4E00095975C /* UserInputView.swift */ = {isa = PBXFileReference; lastKnownFileType = sourcecode.swift; path = UserInputView.swift; sourceTree = "<group>"; };
/* End PBXFileReference section */

/* Begin PBXFrameworksBuildPhase section */
		2117E0E82C65A4B40095975C /* Frameworks */ = {
			isa = PBXFrameworksBuildPhase;
			buildActionMask = 2147483647;
			files = (
			);
			runOnlyForDeploymentPostprocessing = 0;
		};
		2117E0F82C65A4B60095975C /* Frameworks */ = {
			isa = PBXFrameworksBuildPhase;
			buildActionMask = 2147483647;
			files = (
			);
			runOnlyForDeploymentPostprocessing = 0;
		};
		2117E1022C65A4B60095975C /* Frameworks */ = {
			isa = PBXFrameworksBuildPhase;
			buildActionMask = 2147483647;
			files = (
			);
			runOnlyForDeploymentPostprocessing = 0;
		};
/* End PBXFrameworksBuildPhase section */

/* Begin PBXGroup section */
		2117E0E22C65A4B40095975C = {
			isa = PBXGroup;
			children = (
				2117E0ED2C65A4B40095975C /* FitnessBuddy */,
				2117E0FE2C65A4B60095975C /* FitnessBuddyTests */,
				2117E1082C65A4B60095975C /* FitnessBuddyUITests */,
				2117E0EC2C65A4B40095975C /* Products */,
			);
			sourceTree = "<group>";
		};
		2117E0EC2C65A4B40095975C /* Products */ = {
			isa = PBXGroup;
			children = (
				2117E0EB2C65A4B40095975C /* FitnessBuddy.app */,
				2117E0FB2C65A4B60095975C /* FitnessBuddyTests.xctest */,
				2117E1052C65A4B60095975C /* FitnessBuddyUITests.xctest */,
			);
			name = Products;
			sourceTree = "<group>";
		};
		2117E0ED2C65A4B40095975C /* FitnessBuddy */ = {
			isa = PBXGroup;
			children = (
				2117E0EE2C65A4B40095975C /* FitnessBuddyApp.swift */,
				2117E0F02C65A4B40095975C /* ContentView.swift */,
				2117E1182C65A4E00095975C /* UserInputView.swift */,
				2117E0F22C65A4B60095975C /* Assets.xcassets */,
				2117E0F42C65A4B60095975C /* Preview Content */,
			);
			path = FitnessBuddy;
			sourceTree = "<group>";
		};
		2117E0F42C65A4B60095975C /* Preview Content */ = {
			isa = PBXGroup;
			children = (
				2117E0F52C65A4B60095975C /* Preview Assets.xcassets */,
			);
			path = "Preview Content";
			sourceTree = "<group>";
		};
		2117E0FE2C65A4B60095975C /* FitnessBuddyTests */ = {
			isa = PBXGroup;
			children = (
				2117E0FF2C65A4B60095975C /* FitnessBuddyTests.swift */,
			);
			path = FitnessBuddyTests;
			sourceTree = "<group>";
		};
		2117E1082C65A4B60095975C /* FitnessBuddyUITests */ = {
			isa = PBXGroup;
			children = (
				2117E1092C65A4B60095975C /* FitnessBuddyUITests.swift */,
				2117E10B2C65A4B60095975C /* FitnessBuddyUITestsLaunchTests.swift */,
			);
			path = FitnessBuddyUITests;
			sourceTree = "<group>";
		};
/* End PBXGroup section */

/* Begin PBXNativeTarget section */
		2117E0EA2C65A4B40095975C /* FitnessBuddy */ = {
			isa = PBXNativeTarget;
			buildConfigurationList = 2117E10F2C65A4B60095975C /* Build configuration list for PBXNativeTarget "FitnessBuddy" */;
			buildPhases = (
				2117E0E72C65A4B40095975C /* Sources */,
				2117E0E82C65A4B40095975C /* Frameworks */,
				2117E0E92C65A4B40095975C /* Resources */,
			);
			buildRules = (
			);
			dependencies = (
			);
			name = FitnessBuddy;
			productName = FitnessBuddy;
			productReference = 2117E0EB2C65A4B40095975C /* FitnessBuddy.app */;
			productType = "com.apple.product-type.application";
		};
		2117E0FA2C65A4B60095975C /* FitnessBuddyTests */ = {
			isa = PBXNativeTarget;
			buildConfigurationList = 2117E1122C65A4B60095975C /* Build configuration list for PBXNativeTarget "FitnessBuddyTests" */;
			buildPhases = (
				2117E0F72C65A4B60095975C /* Sources */,
				2117E0F82C65A4B60095975C /* Frameworks */,
				2117E0F92C65A4B60095975C /* Resources */,
			);
			buildRules = (
			);
			dependencies = (
				2117E0FD2C65A4B60095975C /* PBXTargetDependency */,
			);
			name = FitnessBuddyTests;
			productName = FitnessBuddyTests;
			productReference = 2117E0FB2C65A4B60095975C /* FitnessBuddyTests.xctest */;
			productType = "com.apple.product-type.bundle.unit-test";
		};
		2117E1042C65A4B60095975C /* FitnessBuddyUITests */ = {
			isa = PBXNativeTarget;
			buildConfigurationList = 2117E1152C65A4B60095975C /* Build configuration list for PBXNativeTarget "FitnessBuddyUITests" */;
			buildPhases = (
				2117E1012C65A4B60095975C /* Sources */,
				2117E1022C65A4B60095975C /* Frameworks */,
				2117E1032C65A4B60095975C /* Resources */,
			);
			buildRules = (
			);
			dependencies = (
				2117E1072C65A4B60095975C /* PBXTargetDependency */,
			);
			name = FitnessBuddyUITests;
			productName = FitnessBuddyUITests;
			productReference = 2117E1052C65A4B60095975C /* FitnessBuddyUITests.xctest */;
			productType = "com.apple.product-type.bundle.ui-testing";
		};
/* End PBXNativeTarget section */

/* Begin PBXProject section */
		2117E0E32C65A4B40095975C /* Project object */ = {
			isa = PBXProject;
			attributes = {
				BuildIndependentTargetsInParallel = 1;
				LastSwiftUpdateCheck = 1600;
				LastUpgradeCheck = 1600;
				TargetAttributes = {
					2117E0EA2C65A4B40095975C = {
						CreatedOnToolsVersion = 16.0;
					};
					2117E0FA2C65A4B60095975C = {
						CreatedOnToolsVersion = 16.0;
						TestTargetID = 2117E0EA2C65A4B40095975C;
					};
					2117E1042C65A4B60095975C = {
						CreatedOnToolsVersion = 16.0;
						TestTargetID = 2117E0EA2C65A4B40095975C;
					};
				};
			};
			buildConfigurationList = 2117E0E62C65A4B40095975C /* Build configuration list for PBXProject "FitnessBuddy" */;
			compatibilityVersion = "Xcode 15.0";
			developmentRegion = en;
			hasScannedForEncodings = 0;
			knownRegions = (
				en,
				Base,
			);
			mainGroup = 2117E0E22C65A4B40095975C;
			productRefGroup = 2117E0EC2C65A4B40095975C /* Products */;
			projectDirPath = "";
			projectRoot = "";
			targets = (
				2117E0EA2C65A4B40095975C /* FitnessBuddy */,
				2117E0FA2C65A4B60095975C /* FitnessBuddyTests */,
				2117E1042C65A4B60095975C /* FitnessBuddyUITests */,
			);
		};
/* End PBXProject section */

/* Begin PBXResourcesBuildPhase section */
		2117E0E92C65A4B40095975C /* Resources */ = {
			isa = PBXResourcesBuildPhase;
			buildActionMask = 2147483647;
			files = (
				2117E0F62C65A4B60095975C /* Preview Assets.xcassets in Resources */,
				2117E0F32C65A4B60095975C /* Assets.xcassets in Resources */,
			);
			runOnlyForDeploymentPostprocessing = 0;
		};
		2117E0F92C65A4B60095975C /* Resources */ = {
			isa = PBXResourcesBuildPhase;
			buildActionMask = 2147483647;
			files = (
			);
			runOnlyForDeploymentPostprocessing = 0;
		};
		2117E1032C65A4B60095975C /* Resources */ = {
			isa = PBXResourcesBuildPhase;
			buildActionMask = 2147483647;
			files = (
			);
			runOnlyForDeploymentPostprocessing = 0;
		};
/* End PBXResourcesBuildPhase section */

/* Begin PBXSourcesBuildPhase section */
		2117E0E72C65A4B40095975C /* Sources */ = {
			isa = PBXSourcesBuildPhase;
			buildActionMask = 2147483647;
			files = (
				2117E0F12C65A4B40095975C /* ContentView.swift in Sources */,
				2117E1192C65A4E00095975C /* UserInputView.swift in Sources */,
				2117E0EF2C65A4B40095975C /* FitnessBuddyApp.swift in Sources */,
			);
			runOnlyForDeploymentPostprocessing = 0;
		};
		2117E0F72C65A4B60095975C /* Sources */ = {
			isa = PBXSourcesBuildPhase;
			buildActionMask = 2147483647;
			files = (
				2117E1002C65A4B60095975C /* FitnessBuddyTests.swift in Sources */,
			);
			runOnlyForDeploymentPostprocessing = 0;
		};
		2117E1012C65A4B60095975C /* Sources */ = {
			isa = PBXSourcesBuildPhase;
			buildActionMask = 2147483647;
			files = (
				2117E10C2C65A4B60095975C /* FitnessBuddyUITestsLaunchTests.swift in Sources */,
				2117E10A2C65A4B60095975C /* FitnessBuddyUITests.swift in Sources */,
			);
			runOnlyForDeploymentPostprocessing = 0;
		};
/* End PBXSourcesBuildPhase section */

/* Begin PBXTargetDependency section */
		2117E0FD2C65A4B60095975C /* PBXTargetDependency */ = {
			isa = PBXTargetDependency;
			target = 2117E0EA2C65A4B40095975C /* FitnessBuddy */;
			targetProxy = 2117E0FC2C65A4B60095975C /* PBXContainerItemProxy */;
		};
		2117E1072C65A4B60095975C /* PBXTargetDependency */ = {
			isa = PBXTargetDependency;
			target = 2117E0EA2C65A4B40095975C /* FitnessBuddy */;
			targetProxy = 2117E1062C65A4B60095975C /* PBXContainerItemProxy */;
		};
/* End PBXTargetDependency section */

/* Begin XCBuildConfiguration section */
		2117E10D2C65A4B60095975C /* Debug */ = {
			isa = XCBuildConfiguration;
			buildSettings = {
				ALWAYS_SEARCH_USER_PATHS = NO;
				ASSETCATALOG_COMPILER_GENERATE_SWIFT_ASSET_SYMBOL_EXTENSIONS = YES;
				CLANG_ANALYZER_NONNULL = YES;
				CLANG_ANALYZER_NUMBER_OBJECT_CONVERSION = YES_AGGRESSIVE;
				CLANG_CXX_LANGUAGE_STANDARD = "gnu++20";
				CLANG_ENABLE_MODULES = YES;
				CLANG_ENABLE_OBJC_ARC = YES;
				CLANG_ENABLE_OBJC_WEAK = YES;
				CLANG_WARN_BLOCK_CAPTURE_AUTORELEASING = YES;
				CLANG_WARN_BOOL_CONVERSION = YES;
				CLANG_WARN_COMMA = YES;
				CLANG_WARN_CONSTANT_CONVERSION = YES;
				CLANG_WARN_DEPRECATED_OBJC_IMPLEMENTATIONS = YES;
				CLANG_WARN_DIRECT_OBJC_ISA_USAGE = YES_ERROR;
				CLANG_WARN_DOCUMENTATION_COMMENTS = YES;
				CLANG_WARN_EMPTY_BODY = YES;
				CLANG_WARN_ENUM_CONVERSION = YES;
				CLANG_WARN_INFINITE_RECURSION = YES;
				CLANG_WARN_INT_CONVERSION = YES;
				CLANG_WARN_NON_LITERAL_NULL_CONVERSION = YES;
				CLANG_WARN_OBJC_IMPLICIT_RETAIN_SELF = YES;
				CLANG_WARN_OBJC_LITERAL_CONVERSION = YES;
				CLANG_WARN_OBJC_ROOT_CLASS = YES_ERROR;
				CLANG_WARN_QUOTED_INCLUDE_IN_FRAMEWORK_HEADER = YES;
				CLANG_WARN_RANGE_LOOP_ANALYSIS = YES;
				CLANG_WARN_STRICT_PROTOTYPES = YES;
				CLANG_WARN_SUSPICIOUS_MOVE = YES;
				CLANG_WARN_UNGUARDED_AVAILABILITY = YES_AGGRESSIVE;
				CLANG_WARN_UNREACHABLE_CODE = YES;
				CLANG_WARN__DUPLICATE_METHOD_MATCH = YES;
				COPY_PHASE_STRIP = NO;
				DEBUG_INFORMATION_FORMAT = dwarf;
				ENABLE_STRICT_OBJC_MSGSEND = YES;
				ENABLE_TESTABILITY = YES;
				ENABLE_USER_SCRIPT_SANDBOXING = YES;
				GCC_C_LANGUAGE_STANDARD = gnu17;
				GCC_DYNAMIC_NO_PIC = NO;
				GCC_NO_COMMON_BLOCKS = YES;
				GCC_OPTIMIZATION_LEVEL = 0;
				GCC_PREPROCESSOR_DEFINITIONS = (
					"DEBUG=1",
					"$(inherited)",
				);
				GCC_WARN_64_TO_32_BIT_CONVERSION = YES;
				GCC_WARN_ABOUT_RETURN_TYPE = YES_ERROR;
				GCC_WARN_UNDECLARED_SELECTOR = YES;
				GCC_WARN_UNINITIALIZED_AUTOS = YES_AGGRESSIVE;
				GCC_WARN_UNUSED_FUNCTION = YES;
				GCC_WARN_UNUSED_VARIABLE = YES;
				IPHONEOS_DEPLOYMENT_TARGET = 18.0;
				LOCALIZATION_PREFERS_STRING_CATALOGS = YES;
				MTL_ENABLE_DEBUG_INFO = INCLUDE_SOURCE;
				MTL_FAST_MATH = YES;
				ONLY_ACTIVE_ARCH = YES;
				SDKROOT = iphoneos;
				SWIFT_ACTIVE_COMPILATION_CONDITIONS = "DEBUG $(inherited)";
				SWIFT_OPTIMIZATION_LEVEL = "-Onone";
			};
			name = Debug;
		};
		2117E10E2C65A4B60095975C /* Release */ = {
			isa = XCBuildConfiguration;
			buildSettings = {
				ALWAYS_SEARCH_USER_PATHS = NO;
				ASSETCATALOG_COMPILER_GENERATE_SWIFT_ASSET_SYMBOL_EXTENSIONS = YES;
				CLANG_ANALYZER_NONNULL = YES;
				CLANG_ANALYZER_NUMBER_OBJECT_CONVERSION = YES_AGGRESSIVE;
				CLANG_CXX_LANGUAGE_STANDARD = "gnu++20";
				CLANG_ENABLE_MODULES = YES;
				CLANG_ENABLE_OBJC_ARC = YES;
				CLANG_ENABLE_OBJC_WEAK = YES;
				CLANG_WARN_BLOCK_CAPTURE_AUTORELEASING = YES;
				CLANG_WARN_BOOL_CONVERSION = YES;
				CLANG_WARN_COMMA = YES;
				CLANG_WARN_CONSTANT_CONVERSION = YES;
				CLANG_WARN_DEPRECATED_OBJC_IMPLEMENTATIONS = YES;
				CLANG_WARN_DIRECT_OBJC_ISA_USAGE = YES_ERROR;
				CLANG_WARN_DOCUMENTATION_COMMENTS = YES;
				CLANG_WARN_EMPTY_BODY = YES;
				CLANG_WARN_ENUM_CONVERSION = YES;
				CLANG_WARN_INFINITE_RECURSION = YES;
				CLANG_WARN_INT_CONVERSION = YES;
				CLANG_WARN_NON_LITERAL_NULL_CONVERSION = YES;
				CLANG_WARN_OBJC_IMPLICIT_RETAIN_SELF = YES;
				CLANG_WARN_OBJC_LITERAL_CONVERSION = YES;
				CLANG_WARN_OBJC_ROOT_CLASS = YES_ERROR;
				CLANG_WARN_QUOTED_INCLUDE_IN_FRAMEWORK_HEADER = YES;
				CLANG_WARN_RANGE_LOOP_ANALYSIS = YES;
				CLANG_WARN_STRICT_PROTOTYPES = YES;
				CLANG_WARN_SUSPICIOUS_MOVE = YES;
				CLANG_WARN_UNGUARDED_AVAILABILITY = YES_AGGRESSIVE;
				CLANG_WARN_UNREACHABLE_CODE = YES;
				CLANG_WARN__DUPLICATE_METHOD_MATCH = YES;
				COPY_PHASE_STRIP = NO;
				DEBUG_INFORMATION_FORMAT = "dwarf-with-dsym";
				ENABLE_NS_ASSERTIONS = NO;
				ENABLE_STRICT_OBJC_MSGSEND = YES;
				ENABLE_USER_SCRIPT_SANDBOXING = YES;
				GCC_C_LANGUAGE_STANDARD = gnu17;
				GCC_NO_COMMON_BLOCKS = YES;
				GCC_WARN_64_TO_32_BIT_CONVERSION = YES;
				GCC_WARN_ABOUT_RETURN_TYPE = YES_ERROR;
				GCC_WARN_UNDECLARED_SELECTOR = YES;
				GCC_WARN_UNINITIALIZED_AUTOS = YES_AGGRESSIVE;
				GCC_WARN_UNUSED_FUNCTION = YES;
				GCC_WARN_UNUSED_VARIABLE = YES;
				IPHONEOS_DEPLOYMENT_TARGET = 18.0;
				LOCALIZATION_PREFERS_STRING_CATALOGS = YES;
				MTL_ENABLE_DEBUG_INFO = NO;
				MTL_FAST_MATH = YES;
				SDKROOT = iphoneos;
				SWIFT_COMPILATION_MODE = wholemodule;
				VALIDATE_PRODUCT = YES;
			};
			name = Release;
		};
		2117E1102C65A4B60095975C /* Debug */ = {
			isa = XCBuildConfiguration;
			buildSettings = {
				ASSETCATALOG_COMPILER_APPICON_NAME = AppIcon;
				ASSETCATALOG_COMPILER_GLOBAL_ACCENT_COLOR_NAME = AccentColor;
				CODE_SIGN_STYLE = Automatic;
				CURRENT_PROJECT_VERSION = 1;
				DEVELOPMENT_ASSET_PATHS = "\"FitnessBuddy/Preview Content\"";
				ENABLE_PREVIEWS = YES;
				GENERATE_INFOPLIST_FILE = YES;
				INFOPLIST_KEY_UIApplicationSceneManifest_Generation = YES;
				INFOPLIST_KEY_UIApplicationSupportsIndirectInputEvents = YES;
				INFOPLIST_KEY_UILaunchScreen_Generation = YES;
				INFOPLIST_KEY_UISupportedInterfaceOrientations_iPad = "UIInterfaceOrientationPortrait UIInterfaceOrientationPortraitUpsideDown UIInterfaceOrientationLandscapeLeft UIInterfaceOrientationLandscapeRight";
				INFOPLIST_KEY_UISupportedInterfaceOrientations_iPhone = "UIInterfaceOrientationPortrait UIInterfaceOrientationLandscapeLeft UIInterfaceOrientationLandscapeRight";
				LD_RUNPATH_SEARCH_PATHS = (
					"$(inherited)",
					"@executable_path/Frameworks",
				);
				MARKETING_VERSION = 1.0;
				PRODUCT_BUNDLE_IDENTIFIER = Berko.FitnessBuddy;
				PRODUCT_NAME = "$(TARGET_NAME)";
				SWIFT_EMIT_LOC_STRINGS = YES;
				SWIFT_VERSION = 5.0;
				TARGETED_DEVICE_FAMILY = "1,2";
			};
			name = Debug;
		};
		2117E1112C65A4B60095975C /* Release */ = {
			isa = XCBuildConfiguration;
			buildSettings = {
				ASSETCATALOG_COMPILER_APPICON_NAME = AppIcon;
				ASSETCATALOG_COMPILER_GLOBAL_ACCENT_COLOR_NAME = AccentColor;
				CODE_SIGN_STYLE = Automatic;
				CURRENT_PROJECT_VERSION = 1;
				DEVELOPMENT_ASSET_PATHS = "\"FitnessBuddy/Preview Content\"";
				ENABLE_PREVIEWS = YES;
				GENERATE_INFOPLIST_FILE = YES;
				INFOPLIST_KEY_UIApplicationSceneManifest_Generation = YES;
				INFOPLIST_KEY_UIApplicationSupportsIndirectInputEvents = YES;
				INFOPLIST_KEY_UILaunchScreen_Generation = YES;
				INFOPLIST_KEY_UISupportedInterfaceOrientations_iPad = "UIInterfaceOrientationPortrait UIInterfaceOrientationPortraitUpsideDown UIInterfaceOrientationLandscapeLeft UIInterfaceOrientationLandscapeRight";
				INFOPLIST_KEY_UISupportedInterfaceOrientations_iPhone = "UIInterfaceOrientationPortrait UIInterfaceOrientationLandscapeLeft UIInterfaceOrientationLandscapeRight";
				LD_RUNPATH_SEARCH_PATHS = (
					"$(inherited)",
					"@executable_path/Frameworks",
				);
				MARKETING_VERSION = 1.0;
				PRODUCT_BUNDLE_IDENTIFIER = Berko.FitnessBuddy;
				PRODUCT_NAME = "$(TARGET_NAME)";
				SWIFT_EMIT_LOC_STRINGS = YES;
				SWIFT_VERSION = 5.0;
				TARGETED_DEVICE_FAMILY = "1,2";
			};
			name = Release;
		};
		2117E1132C65A4B60095975C /* Debug */ = {
			isa = XCBuildConfiguration;
			buildSettings = {
				BUNDLE_LOADER = "$(TEST_HOST)";
				CODE_SIGN_STYLE = Automatic;
				CURRENT_PROJECT_VERSION = 1;
				GENERATE_INFOPLIST_FILE = YES;
				IPHONEOS_DEPLOYMENT_TARGET = 18.0;
				MARKETING_VERSION = 1.0;
				PRODUCT_BUNDLE_IDENTIFIER = Berko.FitnessBuddyTests;
				PRODUCT_NAME = "$(TARGET_NAME)";
				SWIFT_EMIT_LOC_STRINGS = NO;
				SWIFT_VERSION = 5.0;
				TARGETED_DEVICE_FAMILY = "1,2";
				TEST_HOST = "$(BUILT_PRODUCTS_DIR)/FitnessBuddy.app/$(BUNDLE_EXECUTABLE_FOLDER_PATH)/FitnessBuddy";
			};
			name = Debug;
		};
		2117E1142C65A4B60095975C /* Release */ = {
			isa = XCBuildConfiguration;
			buildSettings = {
				BUNDLE_LOADER = "$(TEST_HOST)";
				CODE_SIGN_STYLE = Automatic;
				CURRENT_PROJECT_VERSION = 1;
				GENERATE_INFOPLIST_FILE = YES;
				IPHONEOS_DEPLOYMENT_TARGET = 18.0;
				MARKETING_VERSION = 1.0;
				PRODUCT_BUNDLE_IDENTIFIER = Berko.FitnessBuddyTests;
				PRODUCT_NAME = "$(TARGET_NAME)";
				SWIFT_EMIT_LOC_STRINGS = NO;
				SWIFT_VERSION = 5.0;
				TARGETED_DEVICE_FAMILY = "1,2";
				TEST_HOST = "$(BUILT_PRODUCTS_DIR)/FitnessBuddy.app/$(BUNDLE_EXECUTABLE_FOLDER_PATH)/FitnessBuddy";
			};
			name = Release;
		};
		2117E1162C65A4B60095975C /* Debug */ = {
			isa = XCBuildConfiguration;
			buildSettings = {
				CODE_SIGN_STYLE = Automatic;
				CURRENT_PROJECT_VERSION = 1;
				GENERATE_INFOPLIST_FILE = YES;
				MARKETING_VERSION = 1.0;
				PRODUCT_BUNDLE_IDENTIFIER = Berko.FitnessBuddyUITests;
				PRODUCT_NAME = "$(TARGET_NAME)";
				SWIFT_EMIT_LOC_STRINGS = NO;
				SWIFT_VERSION = 5.0;
				TARGETED_DEVICE_FAMILY = "1,2";
				TEST_TARGET_NAME = FitnessBuddy;
			};
			name = Debug;
		};
		2117E1172C65A4B60095975C /* Release */ = {
			isa = XCBuildConfiguration;
			buildSettings = {
				CODE_SIGN_STYLE = Automatic;
				CURRENT_PROJECT_VERSION = 1;
				GENERATE_INFOPLIST_FILE = YES;
				MARKETING_VERSION = 1.0;
				PRODUCT_BUNDLE_IDENTIFIER = Berko.FitnessBuddyUITests;
				PRODUCT_NAME = "$(TARGET_NAME)";
				SWIFT_EMIT_LOC_STRINGS = NO;
				SWIFT_VERSION = 5.0;
				TARGETED_DEVICE_FAMILY = "1,2";
				TEST_TARGET_NAME = FitnessBuddy;
			};
			name = Release;
		};
/* End XCBuildConfiguration section */

/* Begin XCConfigurationList section */
		2117E0E62C65A4B40095975C /* Build configuration list for PBXProject "FitnessBuddy" */ = {
			isa = XCConfigurationList;
			buildConfigurations = (
				2117E10D2C65A4B60095975C /* Debug */,
				2117E10E2C65A4B60095975C /* Release */,
			);
			defaultConfigurationIsVisible = 0;
			defaultConfigurationName = Release;
		};
		2117E10F2C65A4B60095975C /* Build configuration list for PBXNativeTarget "FitnessBuddy" */ = {
			isa = XCConfigurationList;
			buildConfigurations = (
				2117E1102C65A4B60095975C /* Debug */,
				2117E1112C65A4B60095975C /* Release */,
			);
			defaultConfigurationIsVisible = 0;
			defaultConfigurationName = Release;
		};
		2117E1122C65A4B60095975C /* Build configuration list for PBXNativeTarget "FitnessBuddyTests" */ = {
			isa = XCConfigurationList;
			buildConfigurations = (
				2117E1132C65A4B60095975C /* Debug */,
				2117E1142C65A4B60095975C /* Release */,
			);
			defaultConfigurationIsVisible = 0;
			defaultConfigurationName = Release;
		};
		2117E1152C65A4B60095975C /* Build configuration list for PBXNativeTarget "FitnessBuddyUITests" */ = {
			isa = XCConfigurationList;
			buildConfigurations = (
				2117E1162C65A4B60095975C /* Debug */,
				2117E1172C65A4B60095975C /* Release */,
			);
			defaultConfigurationIsVisible = 0;
			defaultConfigurationName = Release;
		};
/* End XCConfigurationList section */
	};
	rootObject = 2117E0E32C65A4B40095975C /* Project object */;
}
